
Microsoft Visual Studio Solution File, Format Version 12.00
# Visual Studio 15
VisualStudioVersion = 15.0.28307.645
MinimumVisualStudioVersion = 10.0.40219.1
Project("{FAE04EC0-301F-11D3-BF4B-00C04F79EFBC}") = "NeuralNetworks", "NeuralNetworks.csproj", "{A8069CD5-3799-4871-9FE5-6FACAC97EC07}"
EndProject
Global
	GlobalSection(SolutionConfigurationPlatforms) = preSolution
		Debug|Any CPU = Debug|Any CPU
		Release|Any CPU = Release|Any CPU
	EndGlobalSection
	GlobalSection(ProjectConfigurationPlatforms) = postSolution
		{A8069CD5-3799-4871-9FE5-6FACAC97EC07}.Debug|Any CPU.ActiveCfg = Debug|Any CPU
		{A8069CD5-3799-4871-9FE5-6FACAC97EC07}.Debug|Any CPU.Build.0 = Debug|Any CPU
		{A8069CD5-3799-4871-9FE5-6FACAC97EC07}.Release|Any CPU.ActiveCfg = Release|Any CPU
		{A8069CD5-3799-4871-9FE5-6FACAC97EC07}.Release|Any CPU.Build.0 = Release|Any CPU
	EndGlobalSection
	GlobalSection(SolutionProperties) = preSolution
		HideSolutionNode = FALSE
	EndGlobalSection
	GlobalSection(ExtensibilityGlobals) = postSolution
		SolutionGuid = {C212B2F4-AB60-4E3A-8837-07C661A999FD}
	EndGlobalSection
EndGlobal
